
Microsoft Visual Studio Solution File, Format Version 12.00
# Visual Studio 15
VisualStudioVersion = 15.0.27703.2035
MinimumVisualStudioVersion = 10.0.40219.1
Project("{9A19103F-16F7-4668-BE54-9A1E7A4F7556}") = "SearchResultsAnalysis", "SeoSales\SearchResultsAnalysis.csproj", "{2B4C77FB-30AA-4DFF-85E5-5F4730A7343D}"
EndProject
Project("{9A19103F-16F7-4668-BE54-9A1E7A4F7556}") = "SearchResultsAnalysis.Dtos", "SeoSales.Dtos\SearchResultsAnalysis.Dtos.csproj", "{16C3D9A5-DC19-4473-B64E-A08133355315}"
EndProject
Project("{9A19103F-16F7-4668-BE54-9A1E7A4F7556}") = "SeoSales.Tests", "SeoSales.Tests\SeoSales.Tests.csproj", "{A7FE9D6E-ECF7-4250-98F0-9A9DD434AD9B}"
EndProject
Global
	GlobalSection(SolutionConfigurationPlatforms) = preSolution
		Debug|Any CPU = Debug|Any CPU
		Release|Any CPU = Release|Any CPU
	EndGlobalSection
	GlobalSection(ProjectConfigurationPlatforms) = postSolution
		{2B4C77FB-30AA-4DFF-85E5-5F4730A7343D}.Debug|Any CPU.ActiveCfg = Debug|Any CPU
		{2B4C77FB-30AA-4DFF-85E5-5F4730A7343D}.Debug|Any CPU.Build.0 = Debug|Any CPU
		{2B4C77FB-30AA-4DFF-85E5-5F4730A7343D}.Release|Any CPU.ActiveCfg = Release|Any CPU
		{2B4C77FB-30AA-4DFF-85E5-5F4730A7343D}.Release|Any CPU.Build.0 = Release|Any CPU
		{16C3D9A5-DC19-4473-B64E-A08133355315}.Debug|Any CPU.ActiveCfg = Debug|Any CPU
		{16C3D9A5-DC19-4473-B64E-A08133355315}.Debug|Any CPU.Build.0 = Debug|Any CPU
		{16C3D9A5-DC19-4473-B64E-A08133355315}.Release|Any CPU.ActiveCfg = Release|Any CPU
		{16C3D9A5-DC19-4473-B64E-A08133355315}.Release|Any CPU.Build.0 = Release|Any CPU
		{A7FE9D6E-ECF7-4250-98F0-9A9DD434AD9B}.Debug|Any CPU.ActiveCfg = Debug|Any CPU
		{A7FE9D6E-ECF7-4250-98F0-9A9DD434AD9B}.Debug|Any CPU.Build.0 = Debug|Any CPU
		{A7FE9D6E-ECF7-4250-98F0-9A9DD434AD9B}.Release|Any CPU.ActiveCfg = Release|Any CPU
		{A7FE9D6E-ECF7-4250-98F0-9A9DD434AD9B}.Release|Any CPU.Build.0 = Release|Any CPU
	EndGlobalSection
	GlobalSection(SolutionProperties) = preSolution
		HideSolutionNode = FALSE
	EndGlobalSection
	GlobalSection(ExtensibilityGlobals) = postSolution
		SolutionGuid = {2091D343-6723-43DD-8584-42DF55424CDD}
	EndGlobalSection
EndGlobal
